
Microsoft Visual Studio Solution File, Format Version 12.00
# Visual Studio Version 17
VisualStudioVersion = 17.4.33205.214
MinimumVisualStudioVersion = 10.0.40219.1
Project("{888888A0-9F3D-457C-B088-3A5042F75D52}") = "Töö Andmebaasi haldamine raamatukataloogis", "Töö Andmebaasi haldamine raamatukataloogis.pyproj", "{C6880239-F4FA-4565-B9AD-CEADEEEFE372}"
EndProject
Global
	GlobalSection(SolutionConfigurationPlatforms) = preSolution
		Debug|Any CPU = Debug|Any CPU
		Release|Any CPU = Release|Any CPU
	EndGlobalSection
	GlobalSection(ProjectConfigurationPlatforms) = postSolution
		{C6880239-F4FA-4565-B9AD-CEADEEEFE372}.Debug|Any CPU.ActiveCfg = Debug|Any CPU
		{C6880239-F4FA-4565-B9AD-CEADEEEFE372}.Release|Any CPU.ActiveCfg = Release|Any CPU
	EndGlobalSection
	GlobalSection(SolutionProperties) = preSolution
		HideSolutionNode = FALSE
	EndGlobalSection
	GlobalSection(ExtensibilityGlobals) = postSolution
		SolutionGuid = {3839C48C-A196-4424-88B2-4C46C6BAB534}
	EndGlobalSection
EndGlobal
